
Microsoft Visual Studio Solution File, Format Version 12.00
Project("{FAE04EC0-301F-11D3-BF4B-00C04F79EFBC}") = "2sem", "2sem.csproj", "{BCAA05A8-8CBE-4355-9050-87F6733DEA36}"
EndProject
Global
	GlobalSection(SolutionConfigurationPlatforms) = preSolution
		Debug|Any CPU = Debug|Any CPU
		Release|Any CPU = Release|Any CPU
	EndGlobalSection
	GlobalSection(ProjectConfigurationPlatforms) = postSolution
		{BCAA05A8-8CBE-4355-9050-87F6733DEA36}.Debug|Any CPU.ActiveCfg = Debug|Any CPU
		{BCAA05A8-8CBE-4355-9050-87F6733DEA36}.Debug|Any CPU.Build.0 = Debug|Any CPU
		{BCAA05A8-8CBE-4355-9050-87F6733DEA36}.Release|Any CPU.ActiveCfg = Release|Any CPU
		{BCAA05A8-8CBE-4355-9050-87F6733DEA36}.Release|Any CPU.Build.0 = Release|Any CPU
	EndGlobalSection
EndGlobal
